# generated by rye
# use `rye lock` or `rye sync` to update this lockfile
#
# last locked with the following flags:
#   pre: false
#   features: []
#   all-features: false
#   with-sources: false

-e file:.
click==8.1.7
    # via mytime
numpy==1.26.4
    # via mytime
    # via pandas
pandas==2.2.2
    # via mytime
pendulum==3.0.0
    # via mytime
python-dateutil==2.9.0.post0
    # via mytime
    # via pandas
    # via pendulum
    # via time-machine
pytz==2024.1
    # via pandas
six==1.16.0
    # via python-dateutil
tabulate==0.9.0
    # via mytime
time-machine==2.14.1
    # via pendulum
tzdata==2024.1
    # via pandas
    # via pendulum
